// !$*UTF8*$!
{
	archiveVersion = 1;
	classes = {
	};
	objectVersion = 56;
	objects = {

/* Begin PBXBuildFile section */
		2E1BC34E29958FC800EC6238 /* UIViewExtension.swift in Sources */ = {isa = PBXBuildFile; fileRef = 2E1BC34D29958FC800EC6238 /* UIViewExtension.swift */; };
		2E1BC350299592CA00EC6238 /* UIButtonExtension.swift in Sources */ = {isa = PBXBuildFile; fileRef = 2E1BC34F299592CA00EC6238 /* UIButtonExtension.swift */; };
		2E35B94A29956B4500B768C9 /* GoalCell.swift in Sources */ = {isa = PBXBuildFile; fileRef = 2E35B94929956B4500B768C9 /* GoalCell.swift */; };
		2E507A9E299589B2003DFE69 /* UIViewControllerExtension.swift in Sources */ = {isa = PBXBuildFile; fileRef = 2E507A9D299589B2003DFE69 /* UIViewControllerExtension.swift */; };
		2E565BE72996B06800AE4A1A /* FinishGoalViewController.swift in Sources */ = {isa = PBXBuildFile; fileRef = 2E565BE62996B06800AE4A1A /* FinishGoalViewController.swift */; };
		2E969229299563410027967A /* AppDelegate.swift in Sources */ = {isa = PBXBuildFile; fileRef = 2E969228299563410027967A /* AppDelegate.swift */; };
		2E96922B299563410027967A /* SceneDelegate.swift in Sources */ = {isa = PBXBuildFile; fileRef = 2E96922A299563410027967A /* SceneDelegate.swift */; };
		2E96922D299563410027967A /* GoalsViewController.swift in Sources */ = {isa = PBXBuildFile; fileRef = 2E96922C299563410027967A /* GoalsViewController.swift */; };
		2E969230299563410027967A /* Main.storyboard in Resources */ = {isa = PBXBuildFile; fileRef = 2E96922E299563410027967A /* Main.storyboard */; };
		2E969233299563410027967A /* GoalPost.xcdatamodeld in Sources */ = {isa = PBXBuildFile; fileRef = 2E969231299563410027967A /* GoalPost.xcdatamodeld */; };
		2E969235299563410027967A /* Assets.xcassets in Resources */ = {isa = PBXBuildFile; fileRef = 2E969234299563410027967A /* Assets.xcassets */; };
		2E969238299563410027967A /* LaunchScreen.storyboard in Resources */ = {isa = PBXBuildFile; fileRef = 2E969236299563410027967A /* LaunchScreen.storyboard */; };
		2EEA30D72995810900AC1ED7 /* GoalType.swift in Sources */ = {isa = PBXBuildFile; fileRef = 2EEA30D62995810900AC1ED7 /* GoalType.swift */; };
		2EEA30D92995885700AC1ED7 /* CreateGoalViewController.swift in Sources */ = {isa = PBXBuildFile; fileRef = 2EEA30D82995885700AC1ED7 /* CreateGoalViewController.swift */; };
/* End PBXBuildFile section */

/* Begin PBXFileReference section */
		2E1BC34D29958FC800EC6238 /* UIViewExtension.swift */ = {isa = PBXFileReference; lastKnownFileType = sourcecode.swift; path = UIViewExtension.swift; sourceTree = "<group>"; };
		2E1BC34F299592CA00EC6238 /* UIButtonExtension.swift */ = {isa = PBXFileReference; lastKnownFileType = sourcecode.swift; path = UIButtonExtension.swift; sourceTree = "<group>"; };
		2E35B94929956B4500B768C9 /* GoalCell.swift */ = {isa = PBXFileReference; lastKnownFileType = sourcecode.swift; path = GoalCell.swift; sourceTree = "<group>"; };
		2E507A9D299589B2003DFE69 /* UIViewControllerExtension.swift */ = {isa = PBXFileReference; lastKnownFileType = sourcecode.swift; path = UIViewControllerExtension.swift; sourceTree = "<group>"; };
		2E565BE62996B06800AE4A1A /* FinishGoalViewController.swift */ = {isa = PBXFileReference; lastKnownFileType = sourcecode.swift; path = FinishGoalViewController.swift; sourceTree = "<group>"; };
		2E969225299563410027967A /* GoalPost.app */ = {isa = PBXFileReference; explicitFileType = wrapper.application; includeInIndex = 0; path = GoalPost.app; sourceTree = BUILT_PRODUCTS_DIR; };
		2E969228299563410027967A /* AppDelegate.swift */ = {isa = PBXFileReference; lastKnownFileType = sourcecode.swift; path = AppDelegate.swift; sourceTree = "<group>"; };
		2E96922A299563410027967A /* SceneDelegate.swift */ = {isa = PBXFileReference; lastKnownFileType = sourcecode.swift; path = SceneDelegate.swift; sourceTree = "<group>"; };
		2E96922C299563410027967A /* GoalsViewController.swift */ = {isa = PBXFileReference; lastKnownFileType = sourcecode.swift; path = GoalsViewController.swift; sourceTree = "<group>"; };
		2E96922F299563410027967A /* Base */ = {isa = PBXFileReference; lastKnownFileType = file.storyboard; name = Base; path = Base.lproj/Main.storyboard; sourceTree = "<group>"; };
		2E969232299563410027967A /* GoalPost.xcdatamodel */ = {isa = PBXFileReference; lastKnownFileType = wrapper.xcdatamodel; path = GoalPost.xcdatamodel; sourceTree = "<group>"; };
		2E969234299563410027967A /* Assets.xcassets */ = {isa = PBXFileReference; lastKnownFileType = folder.assetcatalog; path = Assets.xcassets; sourceTree = "<group>"; };
		2E969237299563410027967A /* Base */ = {isa = PBXFileReference; lastKnownFileType = file.storyboard; name = Base; path = Base.lproj/LaunchScreen.storyboard; sourceTree = "<group>"; };
		2E969239299563410027967A /* Info.plist */ = {isa = PBXFileReference; lastKnownFileType = text.plist.xml; path = Info.plist; sourceTree = "<group>"; };
		2EEA30D62995810900AC1ED7 /* GoalType.swift */ = {isa = PBXFileReference; lastKnownFileType = sourcecode.swift; path = GoalType.swift; sourceTree = "<group>"; };
		2EEA30D82995885700AC1ED7 /* CreateGoalViewController.swift */ = {isa = PBXFileReference; lastKnownFileType = sourcecode.swift; path = CreateGoalViewController.swift; sourceTree = "<group>"; };
/* End PBXFileReference section */

/* Begin PBXFrameworksBuildPhase section */
		2E969222299563410027967A /* Frameworks */ = {
			isa = PBXFrameworksBuildPhase;
			buildActionMask = 2147483647;
			files = (
			);
			runOnlyForDeploymentPostprocessing = 0;
		};
/* End PBXFrameworksBuildPhase section */

/* Begin PBXGroup section */
		2E96921C299563410027967A = {
			isa = PBXGroup;
			children = (
				2E969227299563410027967A /* GoalPost */,
				2E969226299563410027967A /* Products */,
			);
			sourceTree = "<group>";
		};
		2E969226299563410027967A /* Products */ = {
			isa = PBXGroup;
			children = (
				2E969225299563410027967A /* GoalPost.app */,
			);
			name = Products;
			sourceTree = "<group>";
		};
		2E969227299563410027967A /* GoalPost */ = {
			isa = PBXGroup;
			children = (
				2E9692422995638A0027967A /* Extensions */,
				2E969241299563850027967A /* Enums */,
				2E969240299563690027967A /* Views */,
				2E96923F2995635D0027967A /* Controller */,
				2E969228299563410027967A /* AppDelegate.swift */,
				2E96922A299563410027967A /* SceneDelegate.swift */,
				2E96922E299563410027967A /* Main.storyboard */,
				2E969234299563410027967A /* Assets.xcassets */,
				2E969236299563410027967A /* LaunchScreen.storyboard */,
				2E969239299563410027967A /* Info.plist */,
				2E969231299563410027967A /* GoalPost.xcdatamodeld */,
			);
			path = GoalPost;
			sourceTree = "<group>";
		};
		2E96923F2995635D0027967A /* Controller */ = {
			isa = PBXGroup;
			children = (
				2E96922C299563410027967A /* GoalsViewController.swift */,
				2EEA30D82995885700AC1ED7 /* CreateGoalViewController.swift */,
				2E565BE62996B06800AE4A1A /* FinishGoalViewController.swift */,
			);
			path = Controller;
			sourceTree = "<group>";
		};
		2E969240299563690027967A /* Views */ = {
			isa = PBXGroup;
			children = (
				2E35B94929956B4500B768C9 /* GoalCell.swift */,
			);
			path = Views;
			sourceTree = "<group>";
		};
		2E969241299563850027967A /* Enums */ = {
			isa = PBXGroup;
			children = (
				2EEA30D62995810900AC1ED7 /* GoalType.swift */,
			);
			path = Enums;
			sourceTree = "<group>";
		};
		2E9692422995638A0027967A /* Extensions */ = {
			isa = PBXGroup;
			children = (
				2E507A9D299589B2003DFE69 /* UIViewControllerExtension.swift */,
				2E1BC34D29958FC800EC6238 /* UIViewExtension.swift */,
				2E1BC34F299592CA00EC6238 /* UIButtonExtension.swift */,
			);
			path = Extensions;
			sourceTree = "<group>";
		};
/* End PBXGroup section */

/* Begin PBXNativeTarget section */
		2E969224299563410027967A /* GoalPost */ = {
			isa = PBXNativeTarget;
			buildConfigurationList = 2E96923C299563410027967A /* Build configuration list for PBXNativeTarget "GoalPost" */;
			buildPhases = (
				2E969221299563410027967A /* Sources */,
				2E969222299563410027967A /* Frameworks */,
				2E969223299563410027967A /* Resources */,
			);
			buildRules = (
			);
			dependencies = (
			);
			name = GoalPost;
			productName = GoalPost;
			productReference = 2E969225299563410027967A /* GoalPost.app */;
			productType = "com.apple.product-type.application";
		};
/* End PBXNativeTarget section */

/* Begin PBXProject section */
		2E96921D299563410027967A /* Project object */ = {
			isa = PBXProject;
			attributes = {
				BuildIndependentTargetsInParallel = 1;
				LastSwiftUpdateCheck = 1420;
				LastUpgradeCheck = 1420;
				TargetAttributes = {
					2E969224299563410027967A = {
						CreatedOnToolsVersion = 14.2;
					};
				};
			};
			buildConfigurationList = 2E969220299563410027967A /* Build configuration list for PBXProject "GoalPost" */;
			compatibilityVersion = "Xcode 14.0";
			developmentRegion = en;
			hasScannedForEncodings = 0;
			knownRegions = (
				en,
				Base,
			);
			mainGroup = 2E96921C299563410027967A;
			productRefGroup = 2E969226299563410027967A /* Products */;
			projectDirPath = "";
			projectRoot = "";
			targets = (
				2E969224299563410027967A /* GoalPost */,
			);
		};
/* End PBXProject section */

/* Begin PBXResourcesBuildPhase section */
		2E969223299563410027967A /* Resources */ = {
			isa = PBXResourcesBuildPhase;
			buildActionMask = 2147483647;
			files = (
				2E969238299563410027967A /* LaunchScreen.storyboard in Resources */,
				2E969235299563410027967A /* Assets.xcassets in Resources */,
				2E969230299563410027967A /* Main.storyboard in Resources */,
			);
			runOnlyForDeploymentPostprocessing = 0;
		};
/* End PBXResourcesBuildPhase section */

/* Begin PBXSourcesBuildPhase section */
		2E969221299563410027967A /* Sources */ = {
			isa = PBXSourcesBuildPhase;
			buildActionMask = 2147483647;
			files = (
				2E96922D299563410027967A /* GoalsViewController.swift in Sources */,
				2E1BC350299592CA00EC6238 /* UIButtonExtension.swift in Sources */,
				2EEA30D92995885700AC1ED7 /* CreateGoalViewController.swift in Sources */,
				2E969229299563410027967A /* AppDelegate.swift in Sources */,
				2EEA30D72995810900AC1ED7 /* GoalType.swift in Sources */,
				2E507A9E299589B2003DFE69 /* UIViewControllerExtension.swift in Sources */,
				2E969233299563410027967A /* GoalPost.xcdatamodeld in Sources */,
				2E565BE72996B06800AE4A1A /* FinishGoalViewController.swift in Sources */,
				2E1BC34E29958FC800EC6238 /* UIViewExtension.swift in Sources */,
				2E35B94A29956B4500B768C9 /* GoalCell.swift in Sources */,
				2E96922B299563410027967A /* SceneDelegate.swift in Sources */,
			);
			runOnlyForDeploymentPostprocessing = 0;
		};
/* End PBXSourcesBuildPhase section */

/* Begin PBXVariantGroup section */
		2E96922E299563410027967A /* Main.storyboard */ = {
			isa = PBXVariantGroup;
			children = (
				2E96922F299563410027967A /* Base */,
			);
			name = Main.storyboard;
			sourceTree = "<group>";
		};
		2E969236299563410027967A /* LaunchScreen.storyboard */ = {
			isa = PBXVariantGroup;
			children = (
				2E969237299563410027967A /* Base */,
			);
			name = LaunchScreen.storyboard;
			sourceTree = "<group>";
		};
/* End PBXVariantGroup section */

/* Begin XCBuildConfiguration section */
		2E96923A299563410027967A /* Debug */ = {
			isa = XCBuildConfiguration;
			buildSettings = {
				ALWAYS_SEARCH_USER_PATHS = NO;
				CLANG_ANALYZER_NONNULL = YES;
				CLANG_ANALYZER_NUMBER_OBJECT_CONVERSION = YES_AGGRESSIVE;
				CLANG_CXX_LANGUAGE_STANDARD = "gnu++20";
				CLANG_ENABLE_MODULES = YES;
				CLANG_ENABLE_OBJC_ARC = YES;
				CLANG_ENABLE_OBJC_WEAK = YES;
				CLANG_WARN_BLOCK_CAPTURE_AUTORELEASING = YES;
				CLANG_WARN_BOOL_CONVERSION = YES;
				CLANG_WARN_COMMA = YES;
				CLANG_WARN_CONSTANT_CONVERSION = YES;
				CLANG_WARN_DEPRECATED_OBJC_IMPLEMENTATIONS = YES;
				CLANG_WARN_DIRECT_OBJC_ISA_USAGE = YES_ERROR;
				CLANG_WARN_DOCUMENTATION_COMMENTS = YES;
				CLANG_WARN_EMPTY_BODY = YES;
				CLANG_WARN_ENUM_CONVERSION = YES;
				CLANG_WARN_INFINITE_RECURSION = YES;
				CLANG_WARN_INT_CONVERSION = YES;
				CLANG_WARN_NON_LITERAL_NULL_CONVERSION = YES;
				CLANG_WARN_OBJC_IMPLICIT_RETAIN_SELF = YES;
				CLANG_WARN_OBJC_LITERAL_CONVERSION = YES;
				CLANG_WARN_OBJC_ROOT_CLASS = YES_ERROR;
				CLANG_WARN_QUOTED_INCLUDE_IN_FRAMEWORK_HEADER = YES;
				CLANG_WARN_RANGE_LOOP_ANALYSIS = YES;
				CLANG_WARN_STRICT_PROTOTYPES = YES;
				CLANG_WARN_SUSPICIOUS_MOVE = YES;
				CLANG_WARN_UNGUARDED_AVAILABILITY = YES_AGGRESSIVE;
				CLANG_WARN_UNREACHABLE_CODE = YES;
				CLANG_WARN__DUPLICATE_METHOD_MATCH = YES;
				COPY_PHASE_STRIP = NO;
				DEBUG_INFORMATION_FORMAT = dwarf;
				ENABLE_STRICT_OBJC_MSGSEND = YES;
				ENABLE_TESTABILITY = YES;
				GCC_C_LANGUAGE_STANDARD = gnu11;
				GCC_DYNAMIC_NO_PIC = NO;
				GCC_NO_COMMON_BLOCKS = YES;
				GCC_OPTIMIZATION_LEVEL = 0;
				GCC_PREPROCESSOR_DEFINITIONS = (
					"DEBUG=1",
					"$(inherited)",
				);
				GCC_WARN_64_TO_32_BIT_CONVERSION = YES;
				GCC_WARN_ABOUT_RETURN_TYPE = YES_ERROR;
				GCC_WARN_UNDECLARED_SELECTOR = YES;
				GCC_WARN_UNINITIALIZED_AUTOS = YES_AGGRESSIVE;
				GCC_WARN_UNUSED_FUNCTION = YES;
				GCC_WARN_UNUSED_VARIABLE = YES;
				IPHONEOS_DEPLOYMENT_TARGET = 16.2;
				MTL_ENABLE_DEBUG_INFO = INCLUDE_SOURCE;
				MTL_FAST_MATH = YES;
				ONLY_ACTIVE_ARCH = YES;
				SDKROOT = iphoneos;
				SWIFT_ACTIVE_COMPILATION_CONDITIONS = DEBUG;
				SWIFT_OPTIMIZATION_LEVEL = "-Onone";
			};
			name = Debug;
		};
		2E96923B299563410027967A /* Release */ = {
			isa = XCBuildConfiguration;
			buildSettings = {
				ALWAYS_SEARCH_USER_PATHS = NO;
				CLANG_ANALYZER_NONNULL = YES;
				CLANG_ANALYZER_NUMBER_OBJECT_CONVERSION = YES_AGGRESSIVE;
				CLANG_CXX_LANGUAGE_STANDARD = "gnu++20";
				CLANG_ENABLE_MODULES = YES;
				CLANG_ENABLE_OBJC_ARC = YES;
				CLANG_ENABLE_OBJC_WEAK = YES;
				CLANG_WARN_BLOCK_CAPTURE_AUTORELEASING = YES;
				CLANG_WARN_BOOL_CONVERSION = YES;
				CLANG_WARN_COMMA = YES;
				CLANG_WARN_CONSTANT_CONVERSION = YES;
				CLANG_WARN_DEPRECATED_OBJC_IMPLEMENTATIONS = YES;
				CLANG_WARN_DIRECT_OBJC_ISA_USAGE = YES_ERROR;
				CLANG_WARN_DOCUMENTATION_COMMENTS = YES;
				CLANG_WARN_EMPTY_BODY = YES;
				CLANG_WARN_ENUM_CONVERSION = YES;
				CLANG_WARN_INFINITE_RECURSION = YES;
				CLANG_WARN_INT_CONVERSION = YES;
				CLANG_WARN_NON_LITERAL_NULL_CONVERSION = YES;
				CLANG_WARN_OBJC_IMPLICIT_RETAIN_SELF = YES;
				CLANG_WARN_OBJC_LITERAL_CONVERSION = YES;
				CLANG_WARN_OBJC_ROOT_CLASS = YES_ERROR;
				CLANG_WARN_QUOTED_INCLUDE_IN_FRAMEWORK_HEADER = YES;
				CLANG_WARN_RANGE_LOOP_ANALYSIS = YES;
				CLANG_WARN_STRICT_PROTOTYPES = YES;
				CLANG_WARN_SUSPICIOUS_MOVE = YES;
				CLANG_WARN_UNGUARDED_AVAILABILITY = YES_AGGRESSIVE;
				CLANG_WARN_UNREACHABLE_CODE = YES;
				CLANG_WARN__DUPLICATE_METHOD_MATCH = YES;
				COPY_PHASE_STRIP = NO;
				DEBUG_INFORMATION_FORMAT = "dwarf-with-dsym";
				ENABLE_NS_ASSERTIONS = NO;
				ENABLE_STRICT_OBJC_MSGSEND = YES;
				GCC_C_LANGUAGE_STANDARD = gnu11;
				GCC_NO_COMMON_BLOCKS = YES;
				GCC_WARN_64_TO_32_BIT_CONVERSION = YES;
				GCC_WARN_ABOUT_RETURN_TYPE = YES_ERROR;
				GCC_WARN_UNDECLARED_SELECTOR = YES;
				GCC_WARN_UNINITIALIZED_AUTOS = YES_AGGRESSIVE;
				GCC_WARN_UNUSED_FUNCTION = YES;
				GCC_WARN_UNUSED_VARIABLE = YES;
				IPHONEOS_DEPLOYMENT_TARGET = 16.2;
				MTL_ENABLE_DEBUG_INFO = NO;
				MTL_FAST_MATH = YES;
				SDKROOT = iphoneos;
				SWIFT_COMPILATION_MODE = wholemodule;
				SWIFT_OPTIMIZATION_LEVEL = "-O";
				VALIDATE_PRODUCT = YES;
			};
			name = Release;
		};
		2E96923D299563410027967A /* Debug */ = {
			isa = XCBuildConfiguration;
			buildSettings = {
				ASSETCATALOG_COMPILER_APPICON_NAME = AppIcon;
				ASSETCATALOG_COMPILER_GLOBAL_ACCENT_COLOR_NAME = AccentColor;
				CODE_SIGN_STYLE = Automatic;
				CURRENT_PROJECT_VERSION = 1;
				DEVELOPMENT_TEAM = 4224Q87F2F;
				GENERATE_INFOPLIST_FILE = YES;
				INFOPLIST_FILE = GoalPost/Info.plist;
				INFOPLIST_KEY_UIApplicationSupportsIndirectInputEvents = YES;
				INFOPLIST_KEY_UILaunchStoryboardName = LaunchScreen;
				INFOPLIST_KEY_UIMainStoryboardFile = Main;
				INFOPLIST_KEY_UISupportedInterfaceOrientations = "UIInterfaceOrientationLandscapeRight UIInterfaceOrientationPortrait";
				INFOPLIST_KEY_UISupportedInterfaceOrientations_iPad = "UIInterfaceOrientationPortrait UIInterfaceOrientationPortraitUpsideDown";
				LD_RUNPATH_SEARCH_PATHS = (
					"$(inherited)",
					"@executable_path/Frameworks",
				);
				MARKETING_VERSION = 1.0;
				PRODUCT_BUNDLE_IDENTIFIER = com.bengauger.GoalPost;
				PRODUCT_NAME = "$(TARGET_NAME)";
				SWIFT_EMIT_LOC_STRINGS = YES;
				SWIFT_VERSION = 5.0;
				TARGETED_DEVICE_FAMILY = "1,2";
			};
			name = Debug;
		};
		2E96923E299563410027967A /* Release */ = {
			isa = XCBuildConfiguration;
			buildSettings = {
				ASSETCATALOG_COMPILER_APPICON_NAME = AppIcon;
				ASSETCATALOG_COMPILER_GLOBAL_ACCENT_COLOR_NAME = AccentColor;
				CODE_SIGN_STYLE = Automatic;
				CURRENT_PROJECT_VERSION = 1;
				DEVELOPMENT_TEAM = 4224Q87F2F;
				GENERATE_INFOPLIST_FILE = YES;
				INFOPLIST_FILE = GoalPost/Info.plist;
				INFOPLIST_KEY_UIApplicationSupportsIndirectInputEvents = YES;
				INFOPLIST_KEY_UILaunchStoryboardName = LaunchScreen;
				INFOPLIST_KEY_UIMainStoryboardFile = Main;
				INFOPLIST_KEY_UISupportedInterfaceOrientations = "UIInterfaceOrientationLandscapeRight UIInterfaceOrientationPortrait";
				INFOPLIST_KEY_UISupportedInterfaceOrientations_iPad = "UIInterfaceOrientationPortrait UIInterfaceOrientationPortraitUpsideDown";
				LD_RUNPATH_SEARCH_PATHS = (
					"$(inherited)",
					"@executable_path/Frameworks",
				);
				MARKETING_VERSION = 1.0;
				PRODUCT_BUNDLE_IDENTIFIER = com.bengauger.GoalPost;
				PRODUCT_NAME = "$(TARGET_NAME)";
				SWIFT_EMIT_LOC_STRINGS = YES;
				SWIFT_VERSION = 5.0;
				TARGETED_DEVICE_FAMILY = "1,2";
			};
			name = Release;
		};
/* End XCBuildConfiguration section */

/* Begin XCConfigurationList section */
		2E969220299563410027967A /* Build configuration list for PBXProject "GoalPost" */ = {
			isa = XCConfigurationList;
			buildConfigurations = (
				2E96923A299563410027967A /* Debug */,
				2E96923B299563410027967A /* Release */,
			);
			defaultConfigurationIsVisible = 0;
			defaultConfigurationName = Release;
		};
		2E96923C299563410027967A /* Build configuration list for PBXNativeTarget "GoalPost" */ = {
			isa = XCConfigurationList;
			buildConfigurations = (
				2E96923D299563410027967A /* Debug */,
				2E96923E299563410027967A /* Release */,
			);
			defaultConfigurationIsVisible = 0;
			defaultConfigurationName = Release;
		};
/* End XCConfigurationList section */

/* Begin XCVersionGroup section */
		2E969231299563410027967A /* GoalPost.xcdatamodeld */ = {
			isa = XCVersionGroup;
			children = (
				2E969232299563410027967A /* GoalPost.xcdatamodel */,
			);
			currentVersion = 2E969232299563410027967A /* GoalPost.xcdatamodel */;
			path = GoalPost.xcdatamodeld;
			sourceTree = "<group>";
			versionGroupType = wrapper.xcdatamodel;
		};
/* End XCVersionGroup section */
	};
	rootObject = 2E96921D299563410027967A /* Project object */;
}
